{
  "name": "alurageek",
  "version": "1.0.0",
  "lockfileVersion": 2,
  "requires": true,
  "packages": {
    "": {
      "name": "alurageek",
      "version": "1.0.0",
      "license": "MIT",
      "dependencies": {
        "bootstrap-icons": "^1.10.5"
      }
    },
    "node_modules/bootstrap-icons": {
      "version": "1.11.2",
      "resolved": "https://registry.npmjs.org/bootstrap-icons/-/bootstrap-icons-1.11.2.tgz",
      "integrity": "sha512-TgdiPv+IM9tgDb+dsxrnGIyocsk85d2M7T0qIgkvPedZeoZfyeG/j+yiAE4uHCEayKef2RP05ahQ0/e9Sv75Wg==",
      "funding": [
        {
          "type": "github",
          "url": "https://github.com/sponsors/twbs"
        },
        {
          "type": "opencollective",
          "url": "https://opencollective.com/bootstrap"
        }
      ]
    }
  },
  "dependencies": {
    "bootstrap-icons": {
      "version": "1.11.2",
      "resolved": "https://registry.npmjs.org/bootstrap-icons/-/bootstrap-icons-1.11.2.tgz",
      "integrity": "sha512-TgdiPv+IM9tgDb+dsxrnGIyocsk85d2M7T0qIgkvPedZeoZfyeG/j+yiAE4uHCEayKef2RP05ahQ0/e9Sv75Wg=="
    }
  }
}
